
Microsoft Visual Studio Solution File, Format Version 12.00
# Visual Studio 15
VisualStudioVersion = 15.0.27703.2026
MinimumVisualStudioVersion = 10.0.40219.1
Project("{8BC9CEB8-8B4A-11D0-8D11-00A0C91BC942}") = "31_unexpectedCode", "31_unexpectedCode\31_unexpectedCode.vcxproj", "{0EBC66D6-CA77-4A18-B715-61E75A1674D6}"
EndProject
Global
	GlobalSection(SolutionConfigurationPlatforms) = preSolution
		Debug|x64 = Debug|x64
		Debug|x86 = Debug|x86
		Release|x64 = Release|x64
		Release|x86 = Release|x86
	EndGlobalSection
	GlobalSection(ProjectConfigurationPlatforms) = postSolution
		{0EBC66D6-CA77-4A18-B715-61E75A1674D6}.Debug|x64.ActiveCfg = Debug|x64
		{0EBC66D6-CA77-4A18-B715-61E75A1674D6}.Debug|x64.Build.0 = Debug|x64
		{0EBC66D6-CA77-4A18-B715-61E75A1674D6}.Debug|x86.ActiveCfg = Debug|Win32
		{0EBC66D6-CA77-4A18-B715-61E75A1674D6}.Debug|x86.Build.0 = Debug|Win32
		{0EBC66D6-CA77-4A18-B715-61E75A1674D6}.Release|x64.ActiveCfg = Release|x64
		{0EBC66D6-CA77-4A18-B715-61E75A1674D6}.Release|x64.Build.0 = Release|x64
		{0EBC66D6-CA77-4A18-B715-61E75A1674D6}.Release|x86.ActiveCfg = Release|Win32
		{0EBC66D6-CA77-4A18-B715-61E75A1674D6}.Release|x86.Build.0 = Release|Win32
	EndGlobalSection
	GlobalSection(SolutionProperties) = preSolution
		HideSolutionNode = FALSE
	EndGlobalSection
	GlobalSection(ExtensibilityGlobals) = postSolution
		SolutionGuid = {E25D2165-2411-4FC1-AFF8-F90517578F8A}
	EndGlobalSection
EndGlobal
