
Microsoft Visual Studio Solution File, Format Version 12.00
# Visual Studio 15
VisualStudioVersion = 15.0.27703.2026
MinimumVisualStudioVersion = 10.0.40219.1
Project("{8BC9CEB8-8B4A-11D0-8D11-00A0C91BC942}") = "32_structs", "32_structs\32_structs.vcxproj", "{BBD3E6DB-45A0-49E1-9785-0A8446925CD5}"
EndProject
Global
	GlobalSection(SolutionConfigurationPlatforms) = preSolution
		Debug|x64 = Debug|x64
		Debug|x86 = Debug|x86
		Release|x64 = Release|x64
		Release|x86 = Release|x86
	EndGlobalSection
	GlobalSection(ProjectConfigurationPlatforms) = postSolution
		{BBD3E6DB-45A0-49E1-9785-0A8446925CD5}.Debug|x64.ActiveCfg = Debug|x64
		{BBD3E6DB-45A0-49E1-9785-0A8446925CD5}.Debug|x64.Build.0 = Debug|x64
		{BBD3E6DB-45A0-49E1-9785-0A8446925CD5}.Debug|x86.ActiveCfg = Debug|Win32
		{BBD3E6DB-45A0-49E1-9785-0A8446925CD5}.Debug|x86.Build.0 = Debug|Win32
		{BBD3E6DB-45A0-49E1-9785-0A8446925CD5}.Release|x64.ActiveCfg = Release|x64
		{BBD3E6DB-45A0-49E1-9785-0A8446925CD5}.Release|x64.Build.0 = Release|x64
		{BBD3E6DB-45A0-49E1-9785-0A8446925CD5}.Release|x86.ActiveCfg = Release|Win32
		{BBD3E6DB-45A0-49E1-9785-0A8446925CD5}.Release|x86.Build.0 = Release|Win32
	EndGlobalSection
	GlobalSection(SolutionProperties) = preSolution
		HideSolutionNode = FALSE
	EndGlobalSection
	GlobalSection(ExtensibilityGlobals) = postSolution
		SolutionGuid = {3AB2CB96-69D8-438F-9997-8E82D51026AB}
	EndGlobalSection
EndGlobal
