
Microsoft Visual Studio Solution File, Format Version 12.00
# Visual Studio 15
VisualStudioVersion = 15.0.27703.2026
MinimumVisualStudioVersion = 10.0.40219.1
Project("{8BC9CEB8-8B4A-11D0-8D11-00A0C91BC942}") = "44_catClass", "44_catClass\44_catClass.vcxproj", "{7C20290F-4C73-4A44-9CD0-AB7C80A99EFB}"
EndProject
Global
	GlobalSection(SolutionConfigurationPlatforms) = preSolution
		Debug|x64 = Debug|x64
		Debug|x86 = Debug|x86
		Release|x64 = Release|x64
		Release|x86 = Release|x86
	EndGlobalSection
	GlobalSection(ProjectConfigurationPlatforms) = postSolution
		{7C20290F-4C73-4A44-9CD0-AB7C80A99EFB}.Debug|x64.ActiveCfg = Debug|x64
		{7C20290F-4C73-4A44-9CD0-AB7C80A99EFB}.Debug|x64.Build.0 = Debug|x64
		{7C20290F-4C73-4A44-9CD0-AB7C80A99EFB}.Debug|x86.ActiveCfg = Debug|Win32
		{7C20290F-4C73-4A44-9CD0-AB7C80A99EFB}.Debug|x86.Build.0 = Debug|Win32
		{7C20290F-4C73-4A44-9CD0-AB7C80A99EFB}.Release|x64.ActiveCfg = Release|x64
		{7C20290F-4C73-4A44-9CD0-AB7C80A99EFB}.Release|x64.Build.0 = Release|x64
		{7C20290F-4C73-4A44-9CD0-AB7C80A99EFB}.Release|x86.ActiveCfg = Release|Win32
		{7C20290F-4C73-4A44-9CD0-AB7C80A99EFB}.Release|x86.Build.0 = Release|Win32
	EndGlobalSection
	GlobalSection(SolutionProperties) = preSolution
		HideSolutionNode = FALSE
	EndGlobalSection
	GlobalSection(ExtensibilityGlobals) = postSolution
		SolutionGuid = {4150C42B-9B0A-440A-BB52-068FA460A1DD}
	EndGlobalSection
EndGlobal
