
Microsoft Visual Studio Solution File, Format Version 12.00
# Visual Studio 15
VisualStudioVersion = 15.0.27703.2026
MinimumVisualStudioVersion = 10.0.40219.1
Project("{8BC9CEB8-8B4A-11D0-8D11-00A0C91BC942}") = "13_freeglut", "13_freeglut\13_freeglut.vcxproj", "{A1732D46-A5C9-4503-9AD4-58E7338C1F8C}"
EndProject
Global
	GlobalSection(SolutionConfigurationPlatforms) = preSolution
		Debug|x64 = Debug|x64
		Debug|x86 = Debug|x86
		Release|x64 = Release|x64
		Release|x86 = Release|x86
	EndGlobalSection
	GlobalSection(ProjectConfigurationPlatforms) = postSolution
		{A1732D46-A5C9-4503-9AD4-58E7338C1F8C}.Debug|x64.ActiveCfg = Debug|x64
		{A1732D46-A5C9-4503-9AD4-58E7338C1F8C}.Debug|x64.Build.0 = Debug|x64
		{A1732D46-A5C9-4503-9AD4-58E7338C1F8C}.Debug|x86.ActiveCfg = Debug|Win32
		{A1732D46-A5C9-4503-9AD4-58E7338C1F8C}.Debug|x86.Build.0 = Debug|Win32
		{A1732D46-A5C9-4503-9AD4-58E7338C1F8C}.Release|x64.ActiveCfg = Release|x64
		{A1732D46-A5C9-4503-9AD4-58E7338C1F8C}.Release|x64.Build.0 = Release|x64
		{A1732D46-A5C9-4503-9AD4-58E7338C1F8C}.Release|x86.ActiveCfg = Release|Win32
		{A1732D46-A5C9-4503-9AD4-58E7338C1F8C}.Release|x86.Build.0 = Release|Win32
	EndGlobalSection
	GlobalSection(SolutionProperties) = preSolution
		HideSolutionNode = FALSE
	EndGlobalSection
	GlobalSection(ExtensibilityGlobals) = postSolution
		SolutionGuid = {5607FF89-3C7E-4779-987F-A1148F9B636C}
	EndGlobalSection
EndGlobal
